// !$*UTF8*$!
{
	archiveVersion = 1;
	classes = {
	};
	objectVersion = 55;
	objects = {

/* Begin PBXBuildFile section */
		7820B644275058CC00087E0D /* CategoryList.swift in Sources */ = {isa = PBXBuildFile; fileRef = 7820B643275058CC00087E0D /* CategoryList.swift */; };
		78210FDC274720F500CBCB88 /* FavoriteListRow.swift in Sources */ = {isa = PBXBuildFile; fileRef = 78210FDB274720F500CBCB88 /* FavoriteListRow.swift */; };
		7830E2F3276770B800B02328 /* Search.swift in Sources */ = {isa = PBXBuildFile; fileRef = 7830E2F2276770B800B02328 /* Search.swift */; };
		78446CAE27690B8B00FA6927 /* GoogleService-Info.plist in Resources */ = {isa = PBXBuildFile; fileRef = 78446CAD27690B8A00FA6927 /* GoogleService-Info.plist */; };
		785DE511274A9E820008A69C /* MenuList.swift in Sources */ = {isa = PBXBuildFile; fileRef = 785DE510274A9E820008A69C /* MenuList.swift */; };
		786E8FD9273AD28A00094115 /* SepetleGelsinApp.swift in Sources */ = {isa = PBXBuildFile; fileRef = 786E8FD8273AD28A00094115 /* SepetleGelsinApp.swift */; };
		786E8FDB273AD28A00094115 /* ContentView.swift in Sources */ = {isa = PBXBuildFile; fileRef = 786E8FDA273AD28A00094115 /* ContentView.swift */; };
		786E8FDD273AD28C00094115 /* Assets.xcassets in Resources */ = {isa = PBXBuildFile; fileRef = 786E8FDC273AD28C00094115 /* Assets.xcassets */; };
		786E8FE0273AD28C00094115 /* Preview Assets.xcassets in Resources */ = {isa = PBXBuildFile; fileRef = 786E8FDF273AD28C00094115 /* Preview Assets.xcassets */; };
		786E8FEA273AD64C00094115 /* ProductModel.swift in Sources */ = {isa = PBXBuildFile; fileRef = 786E8FE9273AD64C00094115 /* ProductModel.swift */; };
		786E8FEE273ADDB100094115 /* ProductViewModel.swift in Sources */ = {isa = PBXBuildFile; fileRef = 786E8FED273ADDB100094115 /* ProductViewModel.swift */; };
		786E8FF4273AE00500094115 /* CategoryRow.swift in Sources */ = {isa = PBXBuildFile; fileRef = 786E8FF3273AE00500094115 /* CategoryRow.swift */; };
		786E8FF7273AE02700094115 /* CategoryItem.swift in Sources */ = {isa = PBXBuildFile; fileRef = 786E8FF6273AE02700094115 /* CategoryItem.swift */; };
		78717048274EC60900F93D3E /* RemoveButton.swift in Sources */ = {isa = PBXBuildFile; fileRef = 78717047274EC60900F93D3E /* RemoveButton.swift */; };
		787388A72751458D006B6D28 /* DataService.swift in Sources */ = {isa = PBXBuildFile; fileRef = 787388A62751458D006B6D28 /* DataService.swift */; };
		787388AC27515B54006B6D28 /* data.json in Resources */ = {isa = PBXBuildFile; fileRef = 787388AB27515B54006B6D28 /* data.json */; };
		787388AF27517B48006B6D28 /* SearchView.swift in Sources */ = {isa = PBXBuildFile; fileRef = 787388AE27517B47006B6D28 /* SearchView.swift */; };
		787486CA273AF93C00C5C1C1 /* CategoryHome.swift in Sources */ = {isa = PBXBuildFile; fileRef = 787486C9273AF93C00C5C1C1 /* CategoryHome.swift */; };
		788D80A8276858740020C0A1 /* getScreen.swift in Sources */ = {isa = PBXBuildFile; fileRef = 788D80A7276858740020C0A1 /* getScreen.swift */; };
		788D80AA2768BEA70020C0A1 /* FavoritesList.swift in Sources */ = {isa = PBXBuildFile; fileRef = 788D80A92768BEA70020C0A1 /* FavoritesList.swift */; };
		7894FBC8273AF4030050C8CB /* ProductDetails.swift in Sources */ = {isa = PBXBuildFile; fileRef = 7894FBC7273AF4030050C8CB /* ProductDetails.swift */; };
		78B88EE727400C5F00F29145 /* ProductImage.swift in Sources */ = {isa = PBXBuildFile; fileRef = 78B88EE627400C5F00F29145 /* ProductImage.swift */; };
		78B88EE927400CDE00F29145 /* FavoriteButton.swift in Sources */ = {isa = PBXBuildFile; fileRef = 78B88EE827400CDE00F29145 /* FavoriteButton.swift */; };
		78BAE9CE2765E167005F4D07 /* BackgroundColor.swift in Sources */ = {isa = PBXBuildFile; fileRef = 78BAE9CD2765E167005F4D07 /* BackgroundColor.swift */; };
		82015E6B27733AF3002B9E08 /* RegistrationDetails.swift in Sources */ = {isa = PBXBuildFile; fileRef = 82015E6A27733AF3002B9E08 /* RegistrationDetails.swift */; };
		82015E6D27733B49002B9E08 /* RegistrationService.swift in Sources */ = {isa = PBXBuildFile; fileRef = 82015E6C27733B49002B9E08 /* RegistrationService.swift */; };
		821EBA9F276E02B700855071 /* InputTextFieldView.swift in Sources */ = {isa = PBXBuildFile; fileRef = 821EBA9E276E02B700855071 /* InputTextFieldView.swift */; };
		821EBAA3276E09F100855071 /* PreviewLayoutComponentModifier.swift in Sources */ = {isa = PBXBuildFile; fileRef = 821EBAA2276E09F100855071 /* PreviewLayoutComponentModifier.swift */; };
		821EBAA5276E0B5500855071 /* InputPasswordView.swift in Sources */ = {isa = PBXBuildFile; fileRef = 821EBAA4276E0B5500855071 /* InputPasswordView.swift */; };
		821EBAAB276E13DF00855071 /* ButtonView.swift in Sources */ = {isa = PBXBuildFile; fileRef = 821EBAAA276E13DF00855071 /* ButtonView.swift */; };
		821EBAAD276E155900855071 /* LoginView.swift in Sources */ = {isa = PBXBuildFile; fileRef = 821EBAAC276E155900855071 /* LoginView.swift */; };
		821EBAB1276E25BC00855071 /* RegisterView.swift in Sources */ = {isa = PBXBuildFile; fileRef = 821EBAB0276E25BC00855071 /* RegisterView.swift */; };
		821EBAB4276E275D00855071 /* CloseModifier.swift in Sources */ = {isa = PBXBuildFile; fileRef = 821EBAB3276E275D00855071 /* CloseModifier.swift */; };
		821EBAB8276E2A3D00855071 /* LogoutView.swift in Sources */ = {isa = PBXBuildFile; fileRef = 821EBAB7276E2A3D00855071 /* LogoutView.swift */; };
		821EBABB276E2FDC00855071 /* ForgotPasswordView.swift in Sources */ = {isa = PBXBuildFile; fileRef = 821EBABA276E2FDC00855071 /* ForgotPasswordView.swift */; };
		827DD718277DF26600EAB5C6 /* LoginCredentials.swift in Sources */ = {isa = PBXBuildFile; fileRef = 827DD717277DF26600EAB5C6 /* LoginCredentials.swift */; };
		827DD71A277DF4BC00EAB5C6 /* LoginService.swift in Sources */ = {isa = PBXBuildFile; fileRef = 827DD719277DF4BC00EAB5C6 /* LoginService.swift */; };
		827DD71C277DF68E00EAB5C6 /* LoginViewModel.swift in Sources */ = {isa = PBXBuildFile; fileRef = 827DD71B277DF68E00EAB5C6 /* LoginViewModel.swift */; };
		82D039782773491A006FBE9A /* RegistrationViewModel.swift in Sources */ = {isa = PBXBuildFile; fileRef = 82D039772773491A006FBE9A /* RegistrationViewModel.swift */; };
		82D0397A27734D8D006FBE9A /* SessionUserDetails.swift in Sources */ = {isa = PBXBuildFile; fileRef = 82D0397927734D8D006FBE9A /* SessionUserDetails.swift */; };
		82D0397C27734E1E006FBE9A /* SessionService.swift in Sources */ = {isa = PBXBuildFile; fileRef = 82D0397B27734E1E006FBE9A /* SessionService.swift */; };
		82DB0DFD2773A87F00889FD5 /* FirebaseAuth in Frameworks */ = {isa = PBXBuildFile; productRef = 82DB0DFC2773A87F00889FD5 /* FirebaseAuth */; };
		82DB0DFF2773A87F00889FD5 /* FirebaseAuthCombine-Community in Frameworks */ = {isa = PBXBuildFile; productRef = 82DB0DFE2773A87F00889FD5 /* FirebaseAuthCombine-Community */; };
		82DB0E012773A87F00889FD5 /* FirebaseDatabase in Frameworks */ = {isa = PBXBuildFile; productRef = 82DB0E002773A87F00889FD5 /* FirebaseDatabase */; };
		82DB0E032773A87F00889FD5 /* FirebaseDatabaseSwift-Beta in Frameworks */ = {isa = PBXBuildFile; productRef = 82DB0E022773A87F00889FD5 /* FirebaseDatabaseSwift-Beta */; };
/* End PBXBuildFile section */

/* Begin PBXFileReference section */
		7820B643275058CC00087E0D /* CategoryList.swift */ = {isa = PBXFileReference; lastKnownFileType = sourcecode.swift; path = CategoryList.swift; sourceTree = "<group>"; };
		78210FDB274720F500CBCB88 /* FavoriteListRow.swift */ = {isa = PBXFileReference; lastKnownFileType = sourcecode.swift; path = FavoriteListRow.swift; sourceTree = "<group>"; };
		7830E2F2276770B800B02328 /* Search.swift */ = {isa = PBXFileReference; lastKnownFileType = sourcecode.swift; path = Search.swift; sourceTree = "<group>"; };
		78446CAD27690B8A00FA6927 /* GoogleService-Info.plist */ = {isa = PBXFileReference; fileEncoding = 4; lastKnownFileType = text.plist.xml; path = "GoogleService-Info.plist"; sourceTree = "<group>"; };
		785DE510274A9E820008A69C /* MenuList.swift */ = {isa = PBXFileReference; lastKnownFileType = sourcecode.swift; path = MenuList.swift; sourceTree = "<group>"; };
		786E8FD5273AD28A00094115 /* SepetleGelsin.app */ = {isa = PBXFileReference; explicitFileType = wrapper.application; includeInIndex = 0; path = SepetleGelsin.app; sourceTree = BUILT_PRODUCTS_DIR; };
		786E8FD8273AD28A00094115 /* SepetleGelsinApp.swift */ = {isa = PBXFileReference; lastKnownFileType = sourcecode.swift; path = SepetleGelsinApp.swift; sourceTree = "<group>"; };
		786E8FDA273AD28A00094115 /* ContentView.swift */ = {isa = PBXFileReference; lastKnownFileType = sourcecode.swift; path = ContentView.swift; sourceTree = "<group>"; };
		786E8FDC273AD28C00094115 /* Assets.xcassets */ = {isa = PBXFileReference; lastKnownFileType = folder.assetcatalog; path = Assets.xcassets; sourceTree = "<group>"; };
		786E8FDF273AD28C00094115 /* Preview Assets.xcassets */ = {isa = PBXFileReference; lastKnownFileType = folder.assetcatalog; path = "Preview Assets.xcassets"; sourceTree = "<group>"; };
		786E8FE9273AD64C00094115 /* ProductModel.swift */ = {isa = PBXFileReference; lastKnownFileType = sourcecode.swift; path = ProductModel.swift; sourceTree = "<group>"; };
		786E8FED273ADDB100094115 /* ProductViewModel.swift */ = {isa = PBXFileReference; lastKnownFileType = sourcecode.swift; path = ProductViewModel.swift; sourceTree = "<group>"; };
		786E8FF3273AE00500094115 /* CategoryRow.swift */ = {isa = PBXFileReference; lastKnownFileType = sourcecode.swift; path = CategoryRow.swift; sourceTree = "<group>"; };
		786E8FF6273AE02700094115 /* CategoryItem.swift */ = {isa = PBXFileReference; lastKnownFileType = sourcecode.swift; path = CategoryItem.swift; sourceTree = "<group>"; };
		78717047274EC60900F93D3E /* RemoveButton.swift */ = {isa = PBXFileReference; fileEncoding = 4; lastKnownFileType = sourcecode.swift; name = RemoveButton.swift; path = SepetleGelsin/View/Favorites/RemoveButton.swift; sourceTree = SOURCE_ROOT; };
		7871704F274EE61900F93D3E /* Info.plist */ = {isa = PBXFileReference; lastKnownFileType = text.plist; path = Info.plist; sourceTree = "<group>"; };
		787388A62751458D006B6D28 /* DataService.swift */ = {isa = PBXFileReference; lastKnownFileType = sourcecode.swift; path = DataService.swift; sourceTree = "<group>"; };
		787388AB27515B54006B6D28 /* data.json */ = {isa = PBXFileReference; fileEncoding = 4; lastKnownFileType = text.json; path = data.json; sourceTree = "<group>"; };
		787388AE27517B47006B6D28 /* SearchView.swift */ = {isa = PBXFileReference; lastKnownFileType = sourcecode.swift; path = SearchView.swift; sourceTree = "<group>"; };
		787486C9273AF93C00C5C1C1 /* CategoryHome.swift */ = {isa = PBXFileReference; lastKnownFileType = sourcecode.swift; path = CategoryHome.swift; sourceTree = "<group>"; };
		788D80A7276858740020C0A1 /* getScreen.swift */ = {isa = PBXFileReference; lastKnownFileType = sourcecode.swift; path = getScreen.swift; sourceTree = "<group>"; };
		788D80A92768BEA70020C0A1 /* FavoritesList.swift */ = {isa = PBXFileReference; fileEncoding = 4; lastKnownFileType = sourcecode.swift; name = FavoritesList.swift; path = SepetleGelsin/View/FavoriteList/FavoritesList.swift; sourceTree = SOURCE_ROOT; };
		7894FBC7273AF4030050C8CB /* ProductDetails.swift */ = {isa = PBXFileReference; lastKnownFileType = sourcecode.swift; path = ProductDetails.swift; sourceTree = "<group>"; };
		78B88EE627400C5F00F29145 /* ProductImage.swift */ = {isa = PBXFileReference; lastKnownFileType = sourcecode.swift; path = ProductImage.swift; sourceTree = "<group>"; };
		78B88EE827400CDE00F29145 /* FavoriteButton.swift */ = {isa = PBXFileReference; lastKnownFileType = sourcecode.swift; path = FavoriteButton.swift; sourceTree = "<group>"; };
		78BAE9CD2765E167005F4D07 /* BackgroundColor.swift */ = {isa = PBXFileReference; lastKnownFileType = sourcecode.swift; path = BackgroundColor.swift; sourceTree = "<group>"; };
		82015E6A27733AF3002B9E08 /* RegistrationDetails.swift */ = {isa = PBXFileReference; lastKnownFileType = sourcecode.swift; path = RegistrationDetails.swift; sourceTree = "<group>"; };
		82015E6C27733B49002B9E08 /* RegistrationService.swift */ = {isa = PBXFileReference; lastKnownFileType = sourcecode.swift; path = RegistrationService.swift; sourceTree = "<group>"; };
		821EBA9E276E02B700855071 /* InputTextFieldView.swift */ = {isa = PBXFileReference; lastKnownFileType = sourcecode.swift; path = InputTextFieldView.swift; sourceTree = "<group>"; };
		821EBAA2276E09F100855071 /* PreviewLayoutComponentModifier.swift */ = {isa = PBXFileReference; lastKnownFileType = sourcecode.swift; path = PreviewLayoutComponentModifier.swift; sourceTree = "<group>"; };
		821EBAA4276E0B5500855071 /* InputPasswordView.swift */ = {isa = PBXFileReference; lastKnownFileType = sourcecode.swift; path = InputPasswordView.swift; sourceTree = "<group>"; };
		821EBAAA276E13DF00855071 /* ButtonView.swift */ = {isa = PBXFileReference; fileEncoding = 4; lastKnownFileType = sourcecode.swift; path = ButtonView.swift; sourceTree = "<group>"; };
		821EBAAC276E155900855071 /* LoginView.swift */ = {isa = PBXFileReference; lastKnownFileType = sourcecode.swift; path = LoginView.swift; sourceTree = "<group>"; };
		821EBAB0276E25BC00855071 /* RegisterView.swift */ = {isa = PBXFileReference; lastKnownFileType = sourcecode.swift; path = RegisterView.swift; sourceTree = "<group>"; };
		821EBAB3276E275D00855071 /* CloseModifier.swift */ = {isa = PBXFileReference; lastKnownFileType = sourcecode.swift; path = CloseModifier.swift; sourceTree = "<group>"; };
		821EBAB7276E2A3D00855071 /* LogoutView.swift */ = {isa = PBXFileReference; lastKnownFileType = sourcecode.swift; path = LogoutView.swift; sourceTree = "<group>"; };
		821EBABA276E2FDC00855071 /* ForgotPasswordView.swift */ = {isa = PBXFileReference; lastKnownFileType = sourcecode.swift; path = ForgotPasswordView.swift; sourceTree = "<group>"; };
		827DD717277DF26600EAB5C6 /* LoginCredentials.swift */ = {isa = PBXFileReference; lastKnownFileType = sourcecode.swift; path = LoginCredentials.swift; sourceTree = "<group>"; };
		827DD719277DF4BC00EAB5C6 /* LoginService.swift */ = {isa = PBXFileReference; lastKnownFileType = sourcecode.swift; path = LoginService.swift; sourceTree = "<group>"; };
		827DD71B277DF68E00EAB5C6 /* LoginViewModel.swift */ = {isa = PBXFileReference; lastKnownFileType = sourcecode.swift; path = LoginViewModel.swift; sourceTree = "<group>"; };
		82D039772773491A006FBE9A /* RegistrationViewModel.swift */ = {isa = PBXFileReference; lastKnownFileType = sourcecode.swift; path = RegistrationViewModel.swift; sourceTree = "<group>"; };
		82D0397927734D8D006FBE9A /* SessionUserDetails.swift */ = {isa = PBXFileReference; lastKnownFileType = sourcecode.swift; path = SessionUserDetails.swift; sourceTree = "<group>"; };
		82D0397B27734E1E006FBE9A /* SessionService.swift */ = {isa = PBXFileReference; lastKnownFileType = sourcecode.swift; path = SessionService.swift; sourceTree = "<group>"; };
/* End PBXFileReference section */

/* Begin PBXFrameworksBuildPhase section */
		786E8FD2273AD28A00094115 /* Frameworks */ = {
			isa = PBXFrameworksBuildPhase;
			buildActionMask = 2147483647;
			files = (
				82DB0E012773A87F00889FD5 /* FirebaseDatabase in Frameworks */,
				82DB0DFD2773A87F00889FD5 /* FirebaseAuth in Frameworks */,
				82DB0E032773A87F00889FD5 /* FirebaseDatabaseSwift-Beta in Frameworks */,
				82DB0DFF2773A87F00889FD5 /* FirebaseAuthCombine-Community in Frameworks */,
			);
			runOnlyForDeploymentPostprocessing = 0;
		};
/* End PBXFrameworksBuildPhase section */

/* Begin PBXGroup section */
		782E708C276F077F008E281B /* Menu */ = {
			isa = PBXGroup;
			children = (
				785DE510274A9E820008A69C /* MenuList.swift */,
				821EBAB7276E2A3D00855071 /* LogoutView.swift */,
			);
			path = Menu;
			sourceTree = "<group>";
		};
		785DE50D274A8B710008A69C /* Utility */ = {
			isa = PBXGroup;
			children = (
				78BAE9CD2765E167005F4D07 /* BackgroundColor.swift */,
				788D80A7276858740020C0A1 /* getScreen.swift */,
			);
			path = Utility;
			sourceTree = "<group>";
		};
		786CF1D62745D63C00279DE3 /* FavoritesListView */ = {
			isa = PBXGroup;
			children = (
				788D80A92768BEA70020C0A1 /* FavoritesList.swift */,
				78717047274EC60900F93D3E /* RemoveButton.swift */,
				78210FDB274720F500CBCB88 /* FavoriteListRow.swift */,
			);
			path = FavoritesListView;
			sourceTree = "<group>";
		};
		786E8FCC273AD28A00094115 = {
			isa = PBXGroup;
			children = (
				786E8FD7273AD28A00094115 /* SepetleGelsin */,
				786E8FDC273AD28C00094115 /* Assets.xcassets */,
				786E8FD6273AD28A00094115 /* Products */,
			);
			sourceTree = "<group>";
		};
		786E8FD6273AD28A00094115 /* Products */ = {
			isa = PBXGroup;
			children = (
				786E8FD5273AD28A00094115 /* SepetleGelsin.app */,
			);
			name = Products;
			sourceTree = "<group>";
		};
		786E8FD7273AD28A00094115 /* SepetleGelsin */ = {
			isa = PBXGroup;
			children = (
				821EBAB2276E272D00855071 /* Modifier */,
				78446CAD27690B8A00FA6927 /* GoogleService-Info.plist */,
				7871704F274EE61900F93D3E /* Info.plist */,
				786E8FDE273AD28C00094115 /* Preview Content */,
				786E8FD8273AD28A00094115 /* SepetleGelsinApp.swift */,
				786E8FE7273AD5EF00094115 /* Service */,
				787388AA27515808006B6D28 /* Resource */,
				786E8FE6273AD5E200094115 /* Model */,
				787486CB273B0CB200C5C1C1 /* ViewModel */,
				786E8FE8273AD60400094115 /* View */,
			);
			path = SepetleGelsin;
			sourceTree = "<group>";
		};
		786E8FDE273AD28C00094115 /* Preview Content */ = {
			isa = PBXGroup;
			children = (
				786E8FDF273AD28C00094115 /* Preview Assets.xcassets */,
			);
			path = "Preview Content";
			sourceTree = "<group>";
		};
		786E8FE6273AD5E200094115 /* Model */ = {
			isa = PBXGroup;
			children = (
				786E8FE9273AD64C00094115 /* ProductModel.swift */,
				82D0397927734D8D006FBE9A /* SessionUserDetails.swift */,
			);
			path = Model;
			sourceTree = "<group>";
		};
		786E8FE7273AD5EF00094115 /* Service */ = {
			isa = PBXGroup;
			children = (
				787388A62751458D006B6D28 /* DataService.swift */,
				82015E6C27733B49002B9E08 /* RegistrationService.swift */,
				82D0397B27734E1E006FBE9A /* SessionService.swift */,
				827DD719277DF4BC00EAB5C6 /* LoginService.swift */,
			);
			path = Service;
			sourceTree = "<group>";
		};
		786E8FE8273AD60400094115 /* View */ = {
			isa = PBXGroup;
			children = (
				786E8FDA273AD28A00094115 /* ContentView.swift */,
				782E708C276F077F008E281B /* Menu */,
				821EBAAE276E258200855071 /* Login */,
				786E8FEF273ADFBB00094115 /* Category */,
				787388AD27517B16006B6D28 /* Search */,
				786CF1D62745D63C00279DE3 /* FavoritesListView */,
				7894FBC6273AF3CB0050C8CB /* ProductDetails */,
				785DE50D274A8B710008A69C /* Utility */,
			);
			path = View;
			sourceTree = "<group>";
		};
		786E8FEF273ADFBB00094115 /* Category */ = {
			isa = PBXGroup;
			children = (
				787486C9273AF93C00C5C1C1 /* CategoryHome.swift */,
				786E8FF3273AE00500094115 /* CategoryRow.swift */,
				786E8FF6273AE02700094115 /* CategoryItem.swift */,
				7820B643275058CC00087E0D /* CategoryList.swift */,
			);
			path = Category;
			sourceTree = "<group>";
		};
		787388AA27515808006B6D28 /* Resource */ = {
			isa = PBXGroup;
			children = (
				787388AB27515B54006B6D28 /* data.json */,
			);
			path = Resource;
			sourceTree = "<group>";
		};
		787388AD27517B16006B6D28 /* Search */ = {
			isa = PBXGroup;
			children = (
				787388AE27517B47006B6D28 /* SearchView.swift */,
				7830E2F2276770B800B02328 /* Search.swift */,
			);
			path = Search;
			sourceTree = "<group>";
		};
		787486CB273B0CB200C5C1C1 /* ViewModel */ = {
			isa = PBXGroup;
			children = (
				786E8FED273ADDB100094115 /* ProductViewModel.swift */,
				82D039772773491A006FBE9A /* RegistrationViewModel.swift */,
				827DD71B277DF68E00EAB5C6 /* LoginViewModel.swift */,
			);
			path = ViewModel;
			sourceTree = "<group>";
		};
		7894FBC6273AF3CB0050C8CB /* ProductDetails */ = {
			isa = PBXGroup;
			children = (
				7894FBC7273AF4030050C8CB /* ProductDetails.swift */,
				78B88EE827400CDE00F29145 /* FavoriteButton.swift */,
				78B88EE627400C5F00F29145 /* ProductImage.swift */,
			);
			path = ProductDetails;
			sourceTree = "<group>";
		};
		821EBAAE276E258200855071 /* Login */ = {
			isa = PBXGroup;
			children = (
				821EBAAC276E155900855071 /* LoginView.swift */,
				821EBA9E276E02B700855071 /* InputTextFieldView.swift */,
				821EBAA4276E0B5500855071 /* InputPasswordView.swift */,
				821EBAB0276E25BC00855071 /* RegisterView.swift */,
				821EBAAA276E13DF00855071 /* ButtonView.swift */,
				821EBABA276E2FDC00855071 /* ForgotPasswordView.swift */,
				82015E6A27733AF3002B9E08 /* RegistrationDetails.swift */,
				827DD717277DF26600EAB5C6 /* LoginCredentials.swift */,
			);
			path = Login;
			sourceTree = "<group>";
		};
		821EBAB2276E272D00855071 /* Modifier */ = {
			isa = PBXGroup;
			children = (
				821EBAA2276E09F100855071 /* PreviewLayoutComponentModifier.swift */,
				821EBAB3276E275D00855071 /* CloseModifier.swift */,
			);
			path = Modifier;
			sourceTree = "<group>";
		};
/* End PBXGroup section */

/* Begin PBXNativeTarget section */
		786E8FD4273AD28A00094115 /* SepetleGelsin */ = {
			isa = PBXNativeTarget;
			buildConfigurationList = 786E8FE3273AD28C00094115 /* Build configuration list for PBXNativeTarget "SepetleGelsin" */;
			buildPhases = (
				786E8FD1273AD28A00094115 /* Sources */,
				786E8FD2273AD28A00094115 /* Frameworks */,
				786E8FD3273AD28A00094115 /* Resources */,
			);
			buildRules = (
			);
			dependencies = (
			);
			name = SepetleGelsin;
			packageProductDependencies = (
				82DB0DFC2773A87F00889FD5 /* FirebaseAuth */,
				82DB0DFE2773A87F00889FD5 /* FirebaseAuthCombine-Community */,
				82DB0E002773A87F00889FD5 /* FirebaseDatabase */,
				82DB0E022773A87F00889FD5 /* FirebaseDatabaseSwift-Beta */,
			);
			productName = SepetleGelsin;
			productReference = 786E8FD5273AD28A00094115 /* SepetleGelsin.app */;
			productType = "com.apple.product-type.application";
		};
/* End PBXNativeTarget section */

/* Begin PBXProject section */
		786E8FCD273AD28A00094115 /* Project object */ = {
			isa = PBXProject;
			attributes = {
				BuildIndependentTargetsInParallel = 1;
				LastSwiftUpdateCheck = 1310;
				LastUpgradeCheck = 1310;
				TargetAttributes = {
					786E8FD4273AD28A00094115 = {
						CreatedOnToolsVersion = 13.1;
					};
				};
			};
			buildConfigurationList = 786E8FD0273AD28A00094115 /* Build configuration list for PBXProject "SepetleGelsin" */;
			compatibilityVersion = "Xcode 13.0";
			developmentRegion = en;
			hasScannedForEncodings = 0;
			knownRegions = (
				en,
				Base,
			);
			mainGroup = 786E8FCC273AD28A00094115;
			packageReferences = (
				82DB0DFB2773A87F00889FD5 /* XCRemoteSwiftPackageReference "firebase-ios-sdk" */,
			);
			productRefGroup = 786E8FD6273AD28A00094115 /* Products */;
			projectDirPath = "";
			projectRoot = "";
			targets = (
				786E8FD4273AD28A00094115 /* SepetleGelsin */,
			);
		};
/* End PBXProject section */

/* Begin PBXResourcesBuildPhase section */
		786E8FD3273AD28A00094115 /* Resources */ = {
			isa = PBXResourcesBuildPhase;
			buildActionMask = 2147483647;
			files = (
				787388AC27515B54006B6D28 /* data.json in Resources */,
				78446CAE27690B8B00FA6927 /* GoogleService-Info.plist in Resources */,
				786E8FE0273AD28C00094115 /* Preview Assets.xcassets in Resources */,
				786E8FDD273AD28C00094115 /* Assets.xcassets in Resources */,
			);
			runOnlyForDeploymentPostprocessing = 0;
		};
/* End PBXResourcesBuildPhase section */

/* Begin PBXSourcesBuildPhase section */
		786E8FD1273AD28A00094115 /* Sources */ = {
			isa = PBXSourcesBuildPhase;
			buildActionMask = 2147483647;
			files = (
				82015E6D27733B49002B9E08 /* RegistrationService.swift in Sources */,
				82D039782773491A006FBE9A /* RegistrationViewModel.swift in Sources */,
				787388AF27517B48006B6D28 /* SearchView.swift in Sources */,
				786E8FDB273AD28A00094115 /* ContentView.swift in Sources */,
				787486CA273AF93C00C5C1C1 /* CategoryHome.swift in Sources */,
				7894FBC8273AF4030050C8CB /* ProductDetails.swift in Sources */,
				786E8FF4273AE00500094115 /* CategoryRow.swift in Sources */,
				821EBAA5276E0B5500855071 /* InputPasswordView.swift in Sources */,
				786E8FF7273AE02700094115 /* CategoryItem.swift in Sources */,
				7830E2F3276770B800B02328 /* Search.swift in Sources */,
				786E8FEE273ADDB100094115 /* ProductViewModel.swift in Sources */,
				821EBAB1276E25BC00855071 /* RegisterView.swift in Sources */,
				78B88EE727400C5F00F29145 /* ProductImage.swift in Sources */,
				821EBAAD276E155900855071 /* LoginView.swift in Sources */,
				821EBAA3276E09F100855071 /* PreviewLayoutComponentModifier.swift in Sources */,
				786E8FD9273AD28A00094115 /* SepetleGelsinApp.swift in Sources */,
				82D0397C27734E1E006FBE9A /* SessionService.swift in Sources */,
				821EBA9F276E02B700855071 /* InputTextFieldView.swift in Sources */,
				821EBAB4276E275D00855071 /* CloseModifier.swift in Sources */,
				78B88EE927400CDE00F29145 /* FavoriteButton.swift in Sources */,
				786E8FEA273AD64C00094115 /* ProductModel.swift in Sources */,
				82015E6B27733AF3002B9E08 /* RegistrationDetails.swift in Sources */,
				78BAE9CE2765E167005F4D07 /* BackgroundColor.swift in Sources */,
				821EBAB8276E2A3D00855071 /* LogoutView.swift in Sources */,
				785DE511274A9E820008A69C /* MenuList.swift in Sources */,
				788D80A8276858740020C0A1 /* getScreen.swift in Sources */,
				7820B644275058CC00087E0D /* CategoryList.swift in Sources */,
				82D0397A27734D8D006FBE9A /* SessionUserDetails.swift in Sources */,
				78210FDC274720F500CBCB88 /* FavoriteListRow.swift in Sources */,
				827DD71C277DF68E00EAB5C6 /* LoginViewModel.swift in Sources */,
				78717048274EC60900F93D3E /* RemoveButton.swift in Sources */,
				821EBAAB276E13DF00855071 /* ButtonView.swift in Sources */,
				827DD71A277DF4BC00EAB5C6 /* LoginService.swift in Sources */,
				827DD718277DF26600EAB5C6 /* LoginCredentials.swift in Sources */,
				787388A72751458D006B6D28 /* DataService.swift in Sources */,
				821EBABB276E2FDC00855071 /* ForgotPasswordView.swift in Sources */,
				788D80AA2768BEA70020C0A1 /* FavoritesList.swift in Sources */,
			);
			runOnlyForDeploymentPostprocessing = 0;
		};
/* End PBXSourcesBuildPhase section */

/* Begin XCBuildConfiguration section */
		786E8FE1273AD28C00094115 /* Debug */ = {
			isa = XCBuildConfiguration;
			buildSettings = {
				ALWAYS_SEARCH_USER_PATHS = NO;
				CLANG_ANALYZER_NONNULL = YES;
				CLANG_ANALYZER_NUMBER_OBJECT_CONVERSION = YES_AGGRESSIVE;
				CLANG_CXX_LANGUAGE_STANDARD = "gnu++17";
				CLANG_CXX_LIBRARY = "libc++";
				CLANG_ENABLE_MODULES = YES;
				CLANG_ENABLE_OBJC_ARC = YES;
				CLANG_ENABLE_OBJC_WEAK = YES;
				CLANG_WARN_BLOCK_CAPTURE_AUTORELEASING = YES;
				CLANG_WARN_BOOL_CONVERSION = YES;
				CLANG_WARN_COMMA = YES;
				CLANG_WARN_CONSTANT_CONVERSION = YES;
				CLANG_WARN_DEPRECATED_OBJC_IMPLEMENTATIONS = YES;
				CLANG_WARN_DIRECT_OBJC_ISA_USAGE = YES_ERROR;
				CLANG_WARN_DOCUMENTATION_COMMENTS = YES;
				CLANG_WARN_EMPTY_BODY = YES;
				CLANG_WARN_ENUM_CONVERSION = YES;
				CLANG_WARN_INFINITE_RECURSION = YES;
				CLANG_WARN_INT_CONVERSION = YES;
				CLANG_WARN_NON_LITERAL_NULL_CONVERSION = YES;
				CLANG_WARN_OBJC_IMPLICIT_RETAIN_SELF = YES;
				CLANG_WARN_OBJC_LITERAL_CONVERSION = YES;
				CLANG_WARN_OBJC_ROOT_CLASS = YES_ERROR;
				CLANG_WARN_QUOTED_INCLUDE_IN_FRAMEWORK_HEADER = YES;
				CLANG_WARN_RANGE_LOOP_ANALYSIS = YES;
				CLANG_WARN_STRICT_PROTOTYPES = YES;
				CLANG_WARN_SUSPICIOUS_MOVE = YES;
				CLANG_WARN_UNGUARDED_AVAILABILITY = YES_AGGRESSIVE;
				CLANG_WARN_UNREACHABLE_CODE = YES;
				CLANG_WARN__DUPLICATE_METHOD_MATCH = YES;
				COPY_PHASE_STRIP = NO;
				DEBUG_INFORMATION_FORMAT = dwarf;
				ENABLE_STRICT_OBJC_MSGSEND = YES;
				ENABLE_TESTABILITY = YES;
				GCC_C_LANGUAGE_STANDARD = gnu11;
				GCC_DYNAMIC_NO_PIC = NO;
				GCC_NO_COMMON_BLOCKS = YES;
				GCC_OPTIMIZATION_LEVEL = 0;
				GCC_PREPROCESSOR_DEFINITIONS = (
					"DEBUG=1",
					"$(inherited)",
				);
				GCC_WARN_64_TO_32_BIT_CONVERSION = YES;
				GCC_WARN_ABOUT_RETURN_TYPE = YES_ERROR;
				GCC_WARN_UNDECLARED_SELECTOR = YES;
				GCC_WARN_UNINITIALIZED_AUTOS = YES_AGGRESSIVE;
				GCC_WARN_UNUSED_FUNCTION = YES;
				GCC_WARN_UNUSED_VARIABLE = YES;
				IPHONEOS_DEPLOYMENT_TARGET = 15.0;
				MTL_ENABLE_DEBUG_INFO = INCLUDE_SOURCE;
				MTL_FAST_MATH = YES;
				ONLY_ACTIVE_ARCH = YES;
				SDKROOT = iphoneos;
				SWIFT_ACTIVE_COMPILATION_CONDITIONS = DEBUG;
				SWIFT_OPTIMIZATION_LEVEL = "-Onone";
			};
			name = Debug;
		};
		786E8FE2273AD28C00094115 /* Release */ = {
			isa = XCBuildConfiguration;
			buildSettings = {
				ALWAYS_SEARCH_USER_PATHS = NO;
				CLANG_ANALYZER_NONNULL = YES;
				CLANG_ANALYZER_NUMBER_OBJECT_CONVERSION = YES_AGGRESSIVE;
				CLANG_CXX_LANGUAGE_STANDARD = "gnu++17";
				CLANG_CXX_LIBRARY = "libc++";
				CLANG_ENABLE_MODULES = YES;
				CLANG_ENABLE_OBJC_ARC = YES;
				CLANG_ENABLE_OBJC_WEAK = YES;
				CLANG_WARN_BLOCK_CAPTURE_AUTORELEASING = YES;
				CLANG_WARN_BOOL_CONVERSION = YES;
				CLANG_WARN_COMMA = YES;
				CLANG_WARN_CONSTANT_CONVERSION = YES;
				CLANG_WARN_DEPRECATED_OBJC_IMPLEMENTATIONS = YES;
				CLANG_WARN_DIRECT_OBJC_ISA_USAGE = YES_ERROR;
				CLANG_WARN_DOCUMENTATION_COMMENTS = YES;
				CLANG_WARN_EMPTY_BODY = YES;
				CLANG_WARN_ENUM_CONVERSION = YES;
				CLANG_WARN_INFINITE_RECURSION = YES;
				CLANG_WARN_INT_CONVERSION = YES;
				CLANG_WARN_NON_LITERAL_NULL_CONVERSION = YES;
				CLANG_WARN_OBJC_IMPLICIT_RETAIN_SELF = YES;
				CLANG_WARN_OBJC_LITERAL_CONVERSION = YES;
				CLANG_WARN_OBJC_ROOT_CLASS = YES_ERROR;
				CLANG_WARN_QUOTED_INCLUDE_IN_FRAMEWORK_HEADER = YES;
				CLANG_WARN_RANGE_LOOP_ANALYSIS = YES;
				CLANG_WARN_STRICT_PROTOTYPES = YES;
				CLANG_WARN_SUSPICIOUS_MOVE = YES;
				CLANG_WARN_UNGUARDED_AVAILABILITY = YES_AGGRESSIVE;
				CLANG_WARN_UNREACHABLE_CODE = YES;
				CLANG_WARN__DUPLICATE_METHOD_MATCH = YES;
				COPY_PHASE_STRIP = NO;
				DEBUG_INFORMATION_FORMAT = "dwarf-with-dsym";
				ENABLE_NS_ASSERTIONS = NO;
				ENABLE_STRICT_OBJC_MSGSEND = YES;
				GCC_C_LANGUAGE_STANDARD = gnu11;
				GCC_NO_COMMON_BLOCKS = YES;
				GCC_WARN_64_TO_32_BIT_CONVERSION = YES;
				GCC_WARN_ABOUT_RETURN_TYPE = YES_ERROR;
				GCC_WARN_UNDECLARED_SELECTOR = YES;
				GCC_WARN_UNINITIALIZED_AUTOS = YES_AGGRESSIVE;
				GCC_WARN_UNUSED_FUNCTION = YES;
				GCC_WARN_UNUSED_VARIABLE = YES;
				IPHONEOS_DEPLOYMENT_TARGET = 15.0;
				MTL_ENABLE_DEBUG_INFO = NO;
				MTL_FAST_MATH = YES;
				SDKROOT = iphoneos;
				SWIFT_COMPILATION_MODE = wholemodule;
				SWIFT_OPTIMIZATION_LEVEL = "-O";
				VALIDATE_PRODUCT = YES;
			};
			name = Release;
		};
		786E8FE4273AD28C00094115 /* Debug */ = {
			isa = XCBuildConfiguration;
			buildSettings = {
				ASSETCATALOG_COMPILER_APPICON_NAME = AppIcon;
				ASSETCATALOG_COMPILER_GLOBAL_ACCENT_COLOR_NAME = AccentColor;
				CODE_SIGN_STYLE = Automatic;
				CURRENT_PROJECT_VERSION = 1;
				DEVELOPMENT_ASSET_PATHS = "\"SepetleGelsin/Preview Content\"";
				DEVELOPMENT_TEAM = Q5TKUQ5ZUC;
				ENABLE_PREVIEWS = YES;
				GENERATE_INFOPLIST_FILE = YES;
				INFOPLIST_FILE = SepetleGelsin/Info.plist;
				INFOPLIST_KEY_UIApplicationSceneManifest_Generation = YES;
				INFOPLIST_KEY_UIApplicationSupportsIndirectInputEvents = YES;
				INFOPLIST_KEY_UISupportedInterfaceOrientations = UIInterfaceOrientationPortrait;
				INFOPLIST_KEY_UISupportedInterfaceOrientations_iPad = "UIInterfaceOrientationPortrait UIInterfaceOrientationPortraitUpsideDown UIInterfaceOrientationLandscapeLeft UIInterfaceOrientationLandscapeRight";
				INFOPLIST_KEY_UISupportedInterfaceOrientations_iPhone = UIInterfaceOrientationPortrait;
				LD_RUNPATH_SEARCH_PATHS = (
					"$(inherited)",
					"@executable_path/Frameworks",
				);
				MARKETING_VERSION = 1.0;
				PRODUCT_BUNDLE_IDENTIFIER = com.tolgakaganaysu.SepetleGelsin;
				PRODUCT_NAME = "$(TARGET_NAME)";
				SWIFT_EMIT_LOC_STRINGS = YES;
				SWIFT_VERSION = 5.0;
				TARGETED_DEVICE_FAMILY = 1;
			};
			name = Debug;
		};
		786E8FE5273AD28C00094115 /* Release */ = {
			isa = XCBuildConfiguration;
			buildSettings = {
				ASSETCATALOG_COMPILER_APPICON_NAME = AppIcon;
				ASSETCATALOG_COMPILER_GLOBAL_ACCENT_COLOR_NAME = AccentColor;
				CODE_SIGN_STYLE = Automatic;
				CURRENT_PROJECT_VERSION = 1;
				DEVELOPMENT_ASSET_PATHS = "\"SepetleGelsin/Preview Content\"";
				DEVELOPMENT_TEAM = Q5TKUQ5ZUC;
				ENABLE_PREVIEWS = YES;
				GENERATE_INFOPLIST_FILE = YES;
				INFOPLIST_FILE = SepetleGelsin/Info.plist;
				INFOPLIST_KEY_UIApplicationSceneManifest_Generation = YES;
				INFOPLIST_KEY_UIApplicationSupportsIndirectInputEvents = YES;
				INFOPLIST_KEY_UISupportedInterfaceOrientations = UIInterfaceOrientationPortrait;
				INFOPLIST_KEY_UISupportedInterfaceOrientations_iPad = "UIInterfaceOrientationPortrait UIInterfaceOrientationPortraitUpsideDown UIInterfaceOrientationLandscapeLeft UIInterfaceOrientationLandscapeRight";
				INFOPLIST_KEY_UISupportedInterfaceOrientations_iPhone = UIInterfaceOrientationPortrait;
				LD_RUNPATH_SEARCH_PATHS = (
					"$(inherited)",
					"@executable_path/Frameworks",
				);
				MARKETING_VERSION = 1.0;
				PRODUCT_BUNDLE_IDENTIFIER = com.tolgakaganaysu.SepetleGelsin;
				PRODUCT_NAME = "$(TARGET_NAME)";
				SWIFT_EMIT_LOC_STRINGS = YES;
				SWIFT_VERSION = 5.0;
				TARGETED_DEVICE_FAMILY = 1;
			};
			name = Release;
		};
/* End XCBuildConfiguration section */

/* Begin XCConfigurationList section */
		786E8FD0273AD28A00094115 /* Build configuration list for PBXProject "SepetleGelsin" */ = {
			isa = XCConfigurationList;
			buildConfigurations = (
				786E8FE1273AD28C00094115 /* Debug */,
				786E8FE2273AD28C00094115 /* Release */,
			);
			defaultConfigurationIsVisible = 0;
			defaultConfigurationName = Release;
		};
		786E8FE3273AD28C00094115 /* Build configuration list for PBXNativeTarget "SepetleGelsin" */ = {
			isa = XCConfigurationList;
			buildConfigurations = (
				786E8FE4273AD28C00094115 /* Debug */,
				786E8FE5273AD28C00094115 /* Release */,
			);
			defaultConfigurationIsVisible = 0;
			defaultConfigurationName = Release;
		};
/* End XCConfigurationList section */

/* Begin XCRemoteSwiftPackageReference section */
		82DB0DFB2773A87F00889FD5 /* XCRemoteSwiftPackageReference "firebase-ios-sdk" */ = {
			isa = XCRemoteSwiftPackageReference;
			repositoryURL = "https://github.com/firebase/firebase-ios-sdk";
			requirement = {
				kind = upToNextMajorVersion;
				minimumVersion = 8.0.0;
			};
		};
/* End XCRemoteSwiftPackageReference section */

/* Begin XCSwiftPackageProductDependency section */
		82DB0DFC2773A87F00889FD5 /* FirebaseAuth */ = {
			isa = XCSwiftPackageProductDependency;
			package = 82DB0DFB2773A87F00889FD5 /* XCRemoteSwiftPackageReference "firebase-ios-sdk" */;
			productName = FirebaseAuth;
		};
		82DB0DFE2773A87F00889FD5 /* FirebaseAuthCombine-Community */ = {
			isa = XCSwiftPackageProductDependency;
			package = 82DB0DFB2773A87F00889FD5 /* XCRemoteSwiftPackageReference "firebase-ios-sdk" */;
			productName = "FirebaseAuthCombine-Community";
		};
		82DB0E002773A87F00889FD5 /* FirebaseDatabase */ = {
			isa = XCSwiftPackageProductDependency;
			package = 82DB0DFB2773A87F00889FD5 /* XCRemoteSwiftPackageReference "firebase-ios-sdk" */;
			productName = FirebaseDatabase;
		};
		82DB0E022773A87F00889FD5 /* FirebaseDatabaseSwift-Beta */ = {
			isa = XCSwiftPackageProductDependency;
			package = 82DB0DFB2773A87F00889FD5 /* XCRemoteSwiftPackageReference "firebase-ios-sdk" */;
			productName = "FirebaseDatabaseSwift-Beta";
		};
/* End XCSwiftPackageProductDependency section */
	};
	rootObject = 786E8FCD273AD28A00094115 /* Project object */;
}
